{
    "name": "php",
    "version": "1.0.0",
    "lockfileVersion": 2,
    "requires": true,
    "packages": {
        "": {
            "name": "php",
            "version": "1.0.0",
            "dependencies": {
                "gitbook-plugin-disqus": "0.0.1"
            }
        },
        "node_modules/gitbook-plugin-disqus": {
            "version": "0.0.1",
            "resolved": "https://registry.npmjs.org/gitbook-plugin-disqus/-/gitbook-plugin-disqus-0.0.1.tgz",
            "integrity": "sha512-eej1ZDtyHLG1kCJpKL9taJ5/pbkKBoLzbZetgzNP2qQdcm/WEX8hYGnJdSzBWsAjrIs64JxPdW4niofR5IUp5A==",
            "engines": {
                "gitbook": "*"
            }
        }
    },
    "dependencies": {
        "gitbook-plugin-disqus": {
            "version": "0.0.1",
            "resolved": "https://registry.npmjs.org/gitbook-plugin-disqus/-/gitbook-plugin-disqus-0.0.1.tgz",
            "integrity": "sha512-eej1ZDtyHLG1kCJpKL9taJ5/pbkKBoLzbZetgzNP2qQdcm/WEX8hYGnJdSzBWsAjrIs64JxPdW4niofR5IUp5A=="
        }
    }
}
